#MicroXplorer Configuration settings - do not modify
ADC1.ContinuousConvMode=DISABLE
ADC1.DMAContinuousRequests=ENABLE
ADC1.EOCSelection=ADC_EOC_SEQ_CONV
ADC1.IPParameters=NbrOfConversionFlag,ContinuousConvMode,EOCSelection,DMAContinuousRequests,OversamplingMode,Sequencer,master,SelectedChannel
ADC1.NbrOfConversionFlag=0
ADC1.OversamplingMode=DISABLE
ADC1.SelectedChannel=ADC_CHANNEL_0|ADC_CHANNEL_1|ADC_CHANNEL_2|ADC_CHANNEL_6|ADC_CHANNEL_7|ADC_CHANNEL_TEMPSENSOR|ADC_CHANNEL_VREFINT|ADC_CHANNEL_8|ADC_CHANNEL_VDDA|ADC_CHANNEL_VSSA|ADC_CHANNEL_17|ADC_CHANNEL_18|ADC_CHANNEL_19|ADC_CHANNEL_20|ADC_CHANNEL_21|ADC_CHANNEL_22
ADC1.Sequencer=NOT_FULLY_CONFIGURABLE
ADC1.master=1
CAD.formats=
CAD.pinconfig=
CAD.provider=
Dma.ADC1.0.Direction=DMA_PERIPH_TO_MEMORY
Dma.ADC1.0.EventEnable=DISABLE
Dma.ADC1.0.Instance=DMA1_Channel1
Dma.ADC1.0.MemDataAlignment=DMA_MDATAALIGN_HALFWORD
Dma.ADC1.0.MemInc=DMA_MINC_ENABLE
Dma.ADC1.0.Mode=DMA_NORMAL
Dma.ADC1.0.PeriphDataAlignment=DMA_PDATAALIGN_HALFWORD
Dma.ADC1.0.PeriphInc=DMA_PINC_DISABLE
Dma.ADC1.0.Polarity=HAL_DMAMUX_REQ_GEN_RISING
Dma.ADC1.0.Priority=DMA_PRIORITY_LOW
Dma.ADC1.0.RequestNumber=1
Dma.ADC1.0.RequestParameters=Instance,Direction,PeriphInc,MemInc,PeriphDataAlignment,MemDataAlignment,Mode,Priority,SignalID,Polarity,RequestNumber,SyncSignalID,SyncPolarity,SyncEnable,EventEnable,SyncRequestNumber
Dma.ADC1.0.SignalID=NONE
Dma.ADC1.0.SyncEnable=DISABLE
Dma.ADC1.0.SyncPolarity=HAL_DMAMUX_SYNC_NO_EVENT
Dma.ADC1.0.SyncRequestNumber=1
Dma.ADC1.0.SyncSignalID=NONE
Dma.Request0=ADC1
Dma.RequestsNb=1
FDCAN1.CalculateBaudRateNominal=1000000
FDCAN1.CalculateTimeBitNominal=1000
FDCAN1.CalculateTimeQuantumNominal=62.5
FDCAN1.DataPrescaler=1
FDCAN1.DataSyncJumpWidth=1
FDCAN1.IPParameters=CalculateTimeQuantumNominal,CalculateTimeBitNominal,CalculateBaudRateNominal,NominalSyncJumpWidth,DataPrescaler,DataSyncJumpWidth,NominalPrescaler,NominalTimeSeg1,NominalTimeSeg2
FDCAN1.NominalPrescaler=3
FDCAN1.NominalSyncJumpWidth=2
FDCAN1.NominalTimeSeg1=13
FDCAN1.NominalTimeSeg2=2
File.Version=6
GPIO.groupedBy=Group By Peripherals
KeepUserPlacement=false
Mcu.CPN=STM32C092CCT6
Mcu.Family=STM32C0
Mcu.IP0=ADC1
Mcu.IP1=CORTEX_M0+
Mcu.IP2=DEBUG
Mcu.IP3=DMA
Mcu.IP4=FDCAN1
Mcu.IP5=NVIC
Mcu.IP6=RCC
Mcu.IP7=SPI1
Mcu.IP8=SYS
Mcu.IP9=USART1
Mcu.IPNb=10
Mcu.Name=STM32C092CCTx
Mcu.Package=LQFP48
Mcu.Pin0=PC13
Mcu.Pin1=PC14-OSCX_IN(PC14)
Mcu.Pin10=PB0
Mcu.Pin11=PB1
Mcu.Pin12=PB2
Mcu.Pin13=PB10
Mcu.Pin14=PB11
Mcu.Pin15=PB12
Mcu.Pin16=PB13
Mcu.Pin17=PB14
Mcu.Pin18=PB15
Mcu.Pin19=PA8
Mcu.Pin2=PC15-OSCX_OUT(PC15)
Mcu.Pin20=PA9
Mcu.Pin21=PC6
Mcu.Pin22=PC7
Mcu.Pin23=PA10
Mcu.Pin24=PA13
Mcu.Pin25=PA14-BOOT0
Mcu.Pin26=PD1
Mcu.Pin27=PD2
Mcu.Pin28=PD3
Mcu.Pin29=PB3
Mcu.Pin3=PF0-OSC_IN(PF0)
Mcu.Pin30=PB4
Mcu.Pin31=PB5
Mcu.Pin32=PB6
Mcu.Pin33=PB7
Mcu.Pin34=PB8
Mcu.Pin35=PB9
Mcu.Pin36=VP_ADC1_TempSens_Input
Mcu.Pin37=VP_ADC1_Vref_Input
Mcu.Pin38=VP_ADC1_Vssa_Input
Mcu.Pin39=VP_ADC1_Vdda_Input
Mcu.Pin4=PF1-OSC_OUT(PF1)
Mcu.Pin40=VP_SYS_VS_Systick
Mcu.Pin5=PA0
Mcu.Pin6=PA1
Mcu.Pin7=PA2
Mcu.Pin8=PA6
Mcu.Pin9=PA7
Mcu.PinsNb=41
Mcu.ThirdPartyNb=0
Mcu.UserConstants=
Mcu.UserName=STM32C092CCTx
MxCube.Version=6.17.0
MxDb.Version=DB.6.0.170
NVIC.ADC1_IRQn=true\:0\:0\:false\:false\:true\:true\:true\:true
NVIC.DMA1_Channel1_IRQn=true\:0\:0\:false\:false\:true\:false\:true\:true
NVIC.FDCAN1_IT0_IRQn=true\:0\:0\:false\:false\:true\:true\:true\:true
NVIC.FDCAN1_IT1_IRQn=true\:0\:0\:false\:false\:true\:true\:true\:true
NVIC.ForceEnableDMAVector=true
NVIC.HardFault_IRQn=true\:0\:0\:false\:false\:true\:false\:false\:false
NVIC.NonMaskableInt_IRQn=true\:0\:0\:false\:false\:true\:false\:false\:false
NVIC.PendSV_IRQn=true\:0\:0\:false\:false\:true\:false\:false\:false
NVIC.SVCall_IRQn=true\:0\:0\:false\:false\:true\:false\:false\:false
NVIC.SysTick_IRQn=true\:3\:0\:false\:false\:true\:false\:true\:false
PA0.GPIOParameters=GPIO_Label
PA0.GPIO_Label=T5
PA0.Locked=true
PA0.Mode=IN0
PA0.Signal=ADC1_IN0
PA1.GPIOParameters=GPIO_Label
PA1.GPIO_Label=T4
PA1.Locked=true
PA1.Mode=IN1
PA1.Signal=ADC1_IN1
PA10.GPIOParameters=GPIO_Label
PA10.GPIO_Label=USART_RX
PA10.Locked=true
PA10.Mode=Asynchronous
PA10.Signal=USART1_RX
PA13.Mode=Serial_Wire
PA13.Signal=DEBUG_SWDIO
PA14-BOOT0.Mode=Serial_Wire
PA14-BOOT0.Signal=DEBUG_SWCLK
PA2.GPIOParameters=GPIO_Label
PA2.GPIO_Label=T3
PA2.Locked=true
PA2.Mode=IN2
PA2.Signal=ADC1_IN2
PA6.GPIOParameters=GPIO_Label
PA6.GPIO_Label=OUTPUT_EN_FB_MCU
PA6.Locked=true
PA6.Mode=IN6
PA6.Signal=ADC1_IN6
PA7.GPIOParameters=GPIO_Label
PA7.GPIO_Label=OUT_FUSE_FB_MCU
PA7.Locked=true
PA7.Mode=IN7
PA7.Signal=ADC1_IN7
PA8.GPIOParameters=GPIO_Label
PA8.GPIO_Label=T0
PA8.Locked=true
PA8.Mode=IN8
PA8.Signal=ADC1_IN8
PA9.GPIOParameters=GPIO_Label
PA9.GPIO_Label=OUTPUT_EN
PA9.Locked=true
PA9.Signal=GPIO_Output
PB0.GPIOParameters=GPIO_Label
PB0.GPIO_Label=I_OUT_SENSE
PB0.Locked=true
PB0.Mode=IN17
PB0.Signal=ADC1_IN17
PB1.GPIOParameters=GPIO_Label
PB1.GPIO_Label=LVMS_OUT_SENSE
PB1.Locked=true
PB1.Mode=IN18
PB1.Signal=ADC1_IN18
PB10.GPIOParameters=GPIO_Label
PB10.GPIO_Label=T6
PB10.Locked=true
PB10.Mode=IN20
PB10.Signal=ADC1_IN20
PB11.GPIOParameters=GPIO_Label
PB11.GPIO_Label=T2
PB11.Locked=true
PB11.Mode=IN21
PB11.Signal=ADC1_IN21
PB12.GPIOParameters=GPIO_Label
PB12.GPIO_Label=T1
PB12.Locked=true
PB12.Mode=IN22
PB12.Signal=ADC1_IN22
PB13.GPIOParameters=GPIO_Label
PB13.GPIO_Label=SUPPLY_EN
PB13.Locked=true
PB13.Signal=GPIO_Output
PB14.GPIOParameters=GPIO_Label
PB14.GPIO_Label=SUPPLY_DELAY_FB
PB14.Locked=true
PB14.Signal=GPIO_Output
PB15.GPIOParameters=GPIO_Label
PB15.GPIO_Label=SUPPLY_DELAY_SET
PB15.Locked=true
PB15.Signal=GPIO_Output
PB2.GPIOParameters=GPIO_Label
PB2.GPIO_Label=T7
PB2.Locked=true
PB2.Mode=IN19
PB2.Signal=ADC1_IN19
PB3.Mode=Full_Duplex_Master
PB3.Signal=SPI1_SCK
PB4.Mode=Full_Duplex_Master
PB4.Signal=SPI1_MISO
PB5.Locked=true
PB5.Mode=Full_Duplex_Master
PB5.Signal=SPI1_MOSI
PB6.GPIOParameters=GPIO_Label
PB6.GPIO_Label=LED1
PB6.Locked=true
PB6.Signal=GPIO_Output
PB7.GPIOParameters=GPIO_Label
PB7.GPIO_Label=LED2
PB7.Locked=true
PB7.Signal=GPIO_Output
PB8.Locked=true
PB8.Mode=FDCAN_Activate
PB8.Signal=FDCAN1_RX
PB9.Locked=true
PB9.Mode=FDCAN_Activate
PB9.Signal=FDCAN1_TX
PC13.GPIOParameters=GPIO_Label
PC13.GPIO_Label=SUPPLY_EN_FB_MCU
PC13.Locked=true
PC13.Signal=GPIO_Input
PC14-OSCX_IN(PC14).Mode=Asynchronous
PC14-OSCX_IN(PC14).Signal=USART1_TX
PC15-OSCX_OUT(PC15).GPIOParameters=GPIO_Label
PC15-OSCX_OUT(PC15).GPIO_Label=LED_SW
PC15-OSCX_OUT(PC15).Signal=GPIO_Output
PC6.GPIOParameters=GPIO_Label
PC6.GPIO_Label=OUTPUT_DELAY_SET
PC6.Locked=true
PC6.Signal=GPIO_Output
PC7.GPIOParameters=GPIO_Label
PC7.GPIO_Label=OUTPUT_DELAY_FB
PC7.Locked=true
PC7.Signal=GPIO_Input
PCC.Checker=false
PCC.Display=Plot\: All Steps
PCC.Line=STM32C0x2
PCC.MCU=STM32C092CCTx
PCC.PartNumber=STM32C092CCTx
PCC.Series=STM32C0
PCC.Temperature=25
PCC.Vdd=3.0
PD1.GPIOParameters=GPIO_Label
PD1.GPIO_Label=CHRG_STATUS_FB
PD1.Locked=true
PD1.Signal=GPIO_Input
PD2.GPIOParameters=GPIO_Label
PD2.GPIO_Label=CHRG_VIN_VALID_FB
PD2.Locked=true
PD2.Signal=GPIO_Input
PD3.GPIOParameters=GPIO_Label
PD3.GPIO_Label=CHARGE_EN
PD3.Locked=true
PD3.Signal=GPIO_Output
PF0-OSC_IN(PF0).Locked=true
PF0-OSC_IN(PF0).Mode=HSE-External-Oscillator
PF0-OSC_IN(PF0).Signal=RCC_OSC_IN
PF1-OSC_OUT(PF1).Locked=true
PF1-OSC_OUT(PF1).Mode=HSE-External-Oscillator
PF1-OSC_OUT(PF1).Signal=RCC_OSC_OUT
PinOutPanel.RotationAngle=0
ProjectManager.AskForMigrate=true
ProjectManager.BackupPrevious=false
ProjectManager.CompilerLinker=GCC
ProjectManager.CompilerOptimize=6
ProjectManager.ComputerToolchain=false
ProjectManager.CoupleFile=true
ProjectManager.CustomerFirmwarePackage=
ProjectManager.DefaultFWLocation=true
ProjectManager.DeletePrevious=true
ProjectManager.DeviceId=STM32C092CCTx
ProjectManager.FirmwarePackage=STM32Cube FW_C0 V1.4.0
ProjectManager.FreePins=false
ProjectManager.FreePinsContext=
ProjectManager.HalAssertFull=false
ProjectManager.HeapSize=0x200
ProjectManager.KeepUserCode=true
ProjectManager.LastFirmware=false
ProjectManager.LibraryCopy=0
ProjectManager.MainLocation=Core/Src
ProjectManager.NoMain=false
ProjectManager.PreviousToolchain=
ProjectManager.ProjectBuild=false
ProjectManager.ProjectFileName=lv-bms-sw.ioc
ProjectManager.ProjectName=lv-bms-sw
ProjectManager.ProjectStructure=
ProjectManager.RegisterCallBack=
ProjectManager.StackSize=0x400
ProjectManager.TargetToolchain=Makefile
ProjectManager.ToolChainLocation=
ProjectManager.UAScriptAfterPath=
ProjectManager.UAScriptBeforePath=
ProjectManager.UnderRoot=false
ProjectManager.functionlistsort=1-SystemClock_Config-RCC-false-HAL-false,2-MX_GPIO_Init-GPIO-false-HAL-true,3-MX_DMA_Init-DMA-false-HAL-true,4-MX_ADC1_Init-ADC1-false-HAL-true,5-MX_FDCAN1_Init-FDCAN1-false-HAL-true,6-MX_SPI1_Init-SPI1-false-HAL-true,7-MX_USART1_UART_Init-USART1-false-HAL-true,0-MX_CORTEX_M0+_Init-CORTEX_M0+-false-HAL-true
RCC.ADCFreq_Value=48000000
RCC.AHBFreq_Value=48000000
RCC.APBFreq_Value=48000000
RCC.APBTimFreq_Value=48000000
RCC.CortexFreq_Value=48000000
RCC.EXTERNAL_CLOCK_VALUE=12288000
RCC.FCLKCortexFreq_Value=48000000
RCC.FDCAN1Freq_Value=48000000
RCC.FamilyName=M
RCC.HCLKFreq_Value=48000000
RCC.HSE_VALUE=16000000
RCC.HSISYSCLKDivider=RCC_HSI_DIV1
RCC.HSI_VALUE=48000000
RCC.I2C1Freq_Value=48000000
RCC.I2S1Freq_Value=48000000
RCC.IPParameters=ADCFreq_Value,AHBFreq_Value,APBFreq_Value,APBTimFreq_Value,CortexFreq_Value,EXTERNAL_CLOCK_VALUE,FCLKCortexFreq_Value,FDCAN1Freq_Value,FamilyName,HCLKFreq_Value,HSE_VALUE,HSISYSCLKDivider,HSI_VALUE,I2C1Freq_Value,I2S1Freq_Value,LSCOPinFreq_Value,LSE_VALUE,LSI_VALUE,MCO1PinFreq_Value,MCO2PinFreq_Value,PWRFreq_Value,SYSCLKFreq_VALUE,USART1Freq_Value
RCC.LSCOPinFreq_Value=32000
RCC.LSE_VALUE=32768
RCC.LSI_VALUE=32000
RCC.MCO1PinFreq_Value=48000000
RCC.MCO2PinFreq_Value=48000000
RCC.PWRFreq_Value=48000000
RCC.SYSCLKFreq_VALUE=48000000
RCC.USART1Freq_Value=48000000
SPI1.BaudRatePrescaler=SPI_BAUDRATEPRESCALER_64
SPI1.CalculateBaudRate=750.0 KBits/s
SPI1.DataSize=SPI_DATASIZE_8BIT
SPI1.Direction=SPI_DIRECTION_2LINES
SPI1.IPParameters=VirtualType,Mode,Direction,CalculateBaudRate,BaudRatePrescaler,DataSize,NSSPMode
SPI1.Mode=SPI_MODE_MASTER
SPI1.NSSPMode=SPI_NSS_PULSE_DISABLE
SPI1.VirtualType=VM_MASTER
USART1.IPParameters=VirtualMode-Asynchronous
USART1.VirtualMode-Asynchronous=VM_ASYNC
VP_ADC1_TempSens_Input.Mode=IN-TempSens
VP_ADC1_TempSens_Input.Signal=ADC1_TempSens_Input
VP_ADC1_Vdda_Input.Mode=IN-VDDA
VP_ADC1_Vdda_Input.Signal=ADC1_Vdda_Input
VP_ADC1_Vref_Input.Mode=IN-Vrefint
VP_ADC1_Vref_Input.Signal=ADC1_Vref_Input
VP_ADC1_Vssa_Input.Mode=IN-VSSA
VP_ADC1_Vssa_Input.Signal=ADC1_Vssa_Input
VP_SYS_VS_Systick.Mode=SysTick
VP_SYS_VS_Systick.Signal=SYS_VS_Systick
board=custom
